
Microsoft Visual Studio Solution File, Format Version 12.00
# Visual Studio 14
VisualStudioVersion = 14.0.23107.0
MinimumVisualStudioVersion = 10.0.40219.1
Project("{FAE04EC0-301F-11D3-BF4B-00C04F79EFBC}") = "MapperExpression", "CS\MapperCore\MapperExpression.csproj", "{A23D28C5-4FFA-46E9-913F-5C959782CDAA}"
EndProject
Project("{FAE04EC0-301F-11D3-BF4B-00C04F79EFBC}") = "MapperExpression.Tests.Units", "CS\MapperExpressionTests\MapperExpression.Tests.Units.csproj", "{6D1B4CDF-C0B5-4F7F-8A4B-8343AB13695A}"
EndProject
Project("{2150E333-8FDC-42A3-9474-1A3956D46DE8}") = "02 Exemple", "02 Exemple", "{7AB142FD-A819-46DC-9581-6245B810B5EA}"
EndProject
Project("{FAE04EC0-301F-11D3-BF4B-00C04F79EFBC}") = "MapperExemple.Web", "MapperExemple.Web\MapperExemple.Web.csproj", "{F19ACD26-B8C8-4DB9-8ABA-08DAB1957682}"
EndProject
Project("{FAE04EC0-301F-11D3-BF4B-00C04F79EFBC}") = "MapperExemple.Entity", "MapperExemple.Entity\MapperExemple.Entity.csproj", "{CD0A0F84-D8B2-48E2-82B5-2A39B4F41F1C}"
EndProject
Project("{2150E333-8FDC-42A3-9474-1A3956D46DE8}") = "01 Mapper", "01 Mapper", "{F2A9C5A7-8E66-4CDE-803A-2B0E51F9E5B4}"
EndProject
Global
	GlobalSection(SolutionConfigurationPlatforms) = preSolution
		Debug|Any CPU = Debug|Any CPU
		Debug46|Any CPU = Debug46|Any CPU
		Release|Any CPU = Release|Any CPU
	EndGlobalSection
	GlobalSection(ProjectConfigurationPlatforms) = postSolution
		{A23D28C5-4FFA-46E9-913F-5C959782CDAA}.Debug|Any CPU.ActiveCfg = Debug|Any CPU
		{A23D28C5-4FFA-46E9-913F-5C959782CDAA}.Debug|Any CPU.Build.0 = Debug|Any CPU
		{A23D28C5-4FFA-46E9-913F-5C959782CDAA}.Debug46|Any CPU.ActiveCfg = Debug46|Any CPU
		{A23D28C5-4FFA-46E9-913F-5C959782CDAA}.Debug46|Any CPU.Build.0 = Debug46|Any CPU
		{A23D28C5-4FFA-46E9-913F-5C959782CDAA}.Release|Any CPU.ActiveCfg = Release|Any CPU
		{A23D28C5-4FFA-46E9-913F-5C959782CDAA}.Release|Any CPU.Build.0 = Release|Any CPU
		{6D1B4CDF-C0B5-4F7F-8A4B-8343AB13695A}.Debug|Any CPU.ActiveCfg = Debug|Any CPU
		{6D1B4CDF-C0B5-4F7F-8A4B-8343AB13695A}.Debug|Any CPU.Build.0 = Debug|Any CPU
		{6D1B4CDF-C0B5-4F7F-8A4B-8343AB13695A}.Debug46|Any CPU.ActiveCfg = Debug46|Any CPU
		{6D1B4CDF-C0B5-4F7F-8A4B-8343AB13695A}.Debug46|Any CPU.Build.0 = Debug46|Any CPU
		{6D1B4CDF-C0B5-4F7F-8A4B-8343AB13695A}.Release|Any CPU.ActiveCfg = Release|Any CPU
		{6D1B4CDF-C0B5-4F7F-8A4B-8343AB13695A}.Release|Any CPU.Build.0 = Release|Any CPU
		{F19ACD26-B8C8-4DB9-8ABA-08DAB1957682}.Debug|Any CPU.ActiveCfg = Debug|Any CPU
		{F19ACD26-B8C8-4DB9-8ABA-08DAB1957682}.Debug|Any CPU.Build.0 = Debug|Any CPU
		{F19ACD26-B8C8-4DB9-8ABA-08DAB1957682}.Debug46|Any CPU.ActiveCfg = Debug|Any CPU
		{F19ACD26-B8C8-4DB9-8ABA-08DAB1957682}.Debug46|Any CPU.Build.0 = Debug|Any CPU
		{F19ACD26-B8C8-4DB9-8ABA-08DAB1957682}.Release|Any CPU.ActiveCfg = Release|Any CPU
		{F19ACD26-B8C8-4DB9-8ABA-08DAB1957682}.Release|Any CPU.Build.0 = Release|Any CPU
		{CD0A0F84-D8B2-48E2-82B5-2A39B4F41F1C}.Debug|Any CPU.ActiveCfg = Debug|Any CPU
		{CD0A0F84-D8B2-48E2-82B5-2A39B4F41F1C}.Debug|Any CPU.Build.0 = Debug|Any CPU
		{CD0A0F84-D8B2-48E2-82B5-2A39B4F41F1C}.Debug46|Any CPU.ActiveCfg = Debug|Any CPU
		{CD0A0F84-D8B2-48E2-82B5-2A39B4F41F1C}.Debug46|Any CPU.Build.0 = Debug|Any CPU
		{CD0A0F84-D8B2-48E2-82B5-2A39B4F41F1C}.Release|Any CPU.ActiveCfg = Release|Any CPU
		{CD0A0F84-D8B2-48E2-82B5-2A39B4F41F1C}.Release|Any CPU.Build.0 = Release|Any CPU
	EndGlobalSection
	GlobalSection(SolutionProperties) = preSolution
		HideSolutionNode = FALSE
	EndGlobalSection
	GlobalSection(NestedProjects) = preSolution
		{A23D28C5-4FFA-46E9-913F-5C959782CDAA} = {F2A9C5A7-8E66-4CDE-803A-2B0E51F9E5B4}
		{6D1B4CDF-C0B5-4F7F-8A4B-8343AB13695A} = {F2A9C5A7-8E66-4CDE-803A-2B0E51F9E5B4}
		{F19ACD26-B8C8-4DB9-8ABA-08DAB1957682} = {7AB142FD-A819-46DC-9581-6245B810B5EA}
		{CD0A0F84-D8B2-48E2-82B5-2A39B4F41F1C} = {7AB142FD-A819-46DC-9581-6245B810B5EA}
	EndGlobalSection
EndGlobal
